
Microsoft Visual Studio Solution File, Format Version 12.00
# Visual Studio Version 16
VisualStudioVersion = 16.0.31410.357
MinimumVisualStudioVersion = 10.0.40219.1
Project("{9A19103F-16F7-4668-BE54-9A1E7A4F7556}") = "EndProjectServer", "EndProjectServer.csproj", "{35307841-3C09-472A-BFD3-0C94A6D1A96D}"
EndProject
Project("{9A19103F-16F7-4668-BE54-9A1E7A4F7556}") = "EndProjectServerBL", "..\EndProjectServerBL\EndProjectServerBL.csproj", "{E2E7350C-3F49-4EE6-8E04-3232FB2EE870}"
EndProject
Global
	GlobalSection(SolutionConfigurationPlatforms) = preSolution
		Debug|Any CPU = Debug|Any CPU
		Release|Any CPU = Release|Any CPU
	EndGlobalSection
	GlobalSection(ProjectConfigurationPlatforms) = postSolution
		{35307841-3C09-472A-BFD3-0C94A6D1A96D}.Debug|Any CPU.ActiveCfg = Debug|Any CPU
		{35307841-3C09-472A-BFD3-0C94A6D1A96D}.Debug|Any CPU.Build.0 = Debug|Any CPU
		{35307841-3C09-472A-BFD3-0C94A6D1A96D}.Release|Any CPU.ActiveCfg = Release|Any CPU
		{35307841-3C09-472A-BFD3-0C94A6D1A96D}.Release|Any CPU.Build.0 = Release|Any CPU
		{E2E7350C-3F49-4EE6-8E04-3232FB2EE870}.Debug|Any CPU.ActiveCfg = Debug|Any CPU
		{E2E7350C-3F49-4EE6-8E04-3232FB2EE870}.Debug|Any CPU.Build.0 = Debug|Any CPU
		{E2E7350C-3F49-4EE6-8E04-3232FB2EE870}.Release|Any CPU.ActiveCfg = Release|Any CPU
		{E2E7350C-3F49-4EE6-8E04-3232FB2EE870}.Release|Any CPU.Build.0 = Release|Any CPU
	EndGlobalSection
	GlobalSection(SolutionProperties) = preSolution
		HideSolutionNode = FALSE
	EndGlobalSection
	GlobalSection(ExtensibilityGlobals) = postSolution
		SolutionGuid = {C22EAE02-5009-468C-B8BA-E2DD47056A45}
	EndGlobalSection
EndGlobal
